
Microsoft Visual Studio Solution File, Format Version 12.00
# Visual Studio Version 17
VisualStudioVersion = 17.0.31903.59
MinimumVisualStudioVersion = 10.0.40219.1
Project("{FAE04EC0-301F-11D3-BF4B-00C04F79EFBC}") = "PrepKit.Console", "PrepKit.Console\PrepKit.Console.csproj", "{4C45E9E9-2B10-436A-987A-27089FAB88F1}"
EndProject
Project("{FAE04EC0-301F-11D3-BF4B-00C04F79EFBC}") = "PrepKit.Tests", "PrepKit.Tests\PrepKit.Tests.csproj", "{7E8FF74E-58CC-413E-B8B2-1D4DB06EDCD6}"
EndProject
Global
	GlobalSection(SolutionConfigurationPlatforms) = preSolution
		Debug|Any CPU = Debug|Any CPU
		Release|Any CPU = Release|Any CPU
	EndGlobalSection
	GlobalSection(SolutionProperties) = preSolution
		HideSolutionNode = FALSE
	EndGlobalSection
	GlobalSection(ProjectConfigurationPlatforms) = postSolution
		{4C45E9E9-2B10-436A-987A-27089FAB88F1}.Debug|Any CPU.ActiveCfg = Debug|Any CPU
		{4C45E9E9-2B10-436A-987A-27089FAB88F1}.Debug|Any CPU.Build.0 = Debug|Any CPU
		{4C45E9E9-2B10-436A-987A-27089FAB88F1}.Release|Any CPU.ActiveCfg = Release|Any CPU
		{4C45E9E9-2B10-436A-987A-27089FAB88F1}.Release|Any CPU.Build.0 = Release|Any CPU
		{7E8FF74E-58CC-413E-B8B2-1D4DB06EDCD6}.Debug|Any CPU.ActiveCfg = Debug|Any CPU
		{7E8FF74E-58CC-413E-B8B2-1D4DB06EDCD6}.Debug|Any CPU.Build.0 = Debug|Any CPU
		{7E8FF74E-58CC-413E-B8B2-1D4DB06EDCD6}.Release|Any CPU.ActiveCfg = Release|Any CPU
		{7E8FF74E-58CC-413E-B8B2-1D4DB06EDCD6}.Release|Any CPU.Build.0 = Release|Any CPU
	EndGlobalSection
EndGlobal
